
Microsoft Visual Studio Solution File, Format Version 12.00
# Visual Studio 14
VisualStudioVersion = 14.0.25123.0
MinimumVisualStudioVersion = 10.0.40219.1
Project("{FAE04EC0-301F-11D3-BF4B-00C04F79EFBC}") = "Rawer", "Rawer\Rawer.csproj", "{BBD8E851-30E0-4E1C-8707-0540753908A4}"
EndProject
Project("{8BC9CEB8-8B4A-11D0-8D11-00A0C91BC942}") = "LibrawRuntimeComponent", "LibrawRuntimeComponent\LibrawRuntimeComponent.vcxproj", "{B3ECB35A-5617-455B-BBAD-491E8BC6A54D}"
	ProjectSection(ProjectDependencies) = postProject
		{767E57ED-6D37-32A1-B51E-C39E7C1CD02A} = {767E57ED-6D37-32A1-B51E-C39E7C1CD02A}
	EndProjectSection
EndProject
Project("{8BC9CEB8-8B4A-11D0-8D11-00A0C91BC942}") = "libraw", "LibRaw-0.16.0\buildfiles\libraw.vcxproj", "{767E57ED-6D37-32A1-B51E-C39E7C1CD02A}"
EndProject
Project("{FAE04EC0-301F-11D3-BF4B-00C04F79EFBC}") = "ImageEditor", "ImageEditor\ImageEditor.csproj", "{E704C84B-B739-4033-91D6-A1EE091C273E}"
EndProject
Global
	GlobalSection(SolutionConfigurationPlatforms) = preSolution
		Debug x86|Any CPU = Debug x86|Any CPU
		Debug x86|ARM = Debug x86|ARM
		Debug x86|Mixed Platforms = Debug x86|Mixed Platforms
		Debug x86|Win32 = Debug x86|Win32
		Debug x86|x64 = Debug x86|x64
		Debug x86|x86 = Debug x86|x86
		Debug|Any CPU = Debug|Any CPU
		Debug|ARM = Debug|ARM
		Debug|Mixed Platforms = Debug|Mixed Platforms
		Debug|Win32 = Debug|Win32
		Debug|x64 = Debug|x64
		Debug|x86 = Debug|x86
		Release|Any CPU = Release|Any CPU
		Release|ARM = Release|ARM
		Release|Mixed Platforms = Release|Mixed Platforms
		Release|Win32 = Release|Win32
		Release|x64 = Release|x64
		Release|x86 = Release|x86
		x86(Debug)|Any CPU = x86(Debug)|Any CPU
		x86(Debug)|ARM = x86(Debug)|ARM
		x86(Debug)|Mixed Platforms = x86(Debug)|Mixed Platforms
		x86(Debug)|Win32 = x86(Debug)|Win32
		x86(Debug)|x64 = x86(Debug)|x64
		x86(Debug)|x86 = x86(Debug)|x86
	EndGlobalSection
	GlobalSection(ProjectConfigurationPlatforms) = postSolution
		{BBD8E851-30E0-4E1C-8707-0540753908A4}.Debug x86|Any CPU.ActiveCfg = Debug x86|Any CPU
		{BBD8E851-30E0-4E1C-8707-0540753908A4}.Debug x86|Any CPU.Build.0 = Debug x86|Any CPU
		{BBD8E851-30E0-4E1C-8707-0540753908A4}.Debug x86|Any CPU.Deploy.0 = Debug x86|Any CPU
		{BBD8E851-30E0-4E1C-8707-0540753908A4}.Debug x86|ARM.ActiveCfg = Debug x86|ARM
		{BBD8E851-30E0-4E1C-8707-0540753908A4}.Debug x86|ARM.Build.0 = Debug x86|ARM
		{BBD8E851-30E0-4E1C-8707-0540753908A4}.Debug x86|ARM.Deploy.0 = Debug x86|ARM
		{BBD8E851-30E0-4E1C-8707-0540753908A4}.Debug x86|Mixed Platforms.ActiveCfg = Debug x86|x86
		{BBD8E851-30E0-4E1C-8707-0540753908A4}.Debug x86|Mixed Platforms.Build.0 = Debug x86|x86
		{BBD8E851-30E0-4E1C-8707-0540753908A4}.Debug x86|Mixed Platforms.Deploy.0 = Debug x86|x86
		{BBD8E851-30E0-4E1C-8707-0540753908A4}.Debug x86|Win32.ActiveCfg = Debug x86|x86
		{BBD8E851-30E0-4E1C-8707-0540753908A4}.Debug x86|Win32.Build.0 = Debug x86|x86
		{BBD8E851-30E0-4E1C-8707-0540753908A4}.Debug x86|Win32.Deploy.0 = Debug x86|x86
		{BBD8E851-30E0-4E1C-8707-0540753908A4}.Debug x86|x64.ActiveCfg = Debug x86|Any CPU
		{BBD8E851-30E0-4E1C-8707-0540753908A4}.Debug x86|x86.ActiveCfg = Debug x86|x86
		{BBD8E851-30E0-4E1C-8707-0540753908A4}.Debug x86|x86.Build.0 = Debug x86|x86
		{BBD8E851-30E0-4E1C-8707-0540753908A4}.Debug x86|x86.Deploy.0 = Debug x86|x86
		{BBD8E851-30E0-4E1C-8707-0540753908A4}.Debug|Any CPU.ActiveCfg = Debug|ARM
		{BBD8E851-30E0-4E1C-8707-0540753908A4}.Debug|Any CPU.Build.0 = Debug|ARM
		{BBD8E851-30E0-4E1C-8707-0540753908A4}.Debug|Any CPU.Deploy.0 = Debug|ARM
		{BBD8E851-30E0-4E1C-8707-0540753908A4}.Debug|ARM.ActiveCfg = Debug|ARM
		{BBD8E851-30E0-4E1C-8707-0540753908A4}.Debug|ARM.Build.0 = Debug|ARM
		{BBD8E851-30E0-4E1C-8707-0540753908A4}.Debug|ARM.Deploy.0 = Debug|ARM
		{BBD8E851-30E0-4E1C-8707-0540753908A4}.Debug|Mixed Platforms.ActiveCfg = Debug|x86
		{BBD8E851-30E0-4E1C-8707-0540753908A4}.Debug|Mixed Platforms.Build.0 = Debug|x86
		{BBD8E851-30E0-4E1C-8707-0540753908A4}.Debug|Mixed Platforms.Deploy.0 = Debug|x86
		{BBD8E851-30E0-4E1C-8707-0540753908A4}.Debug|Win32.ActiveCfg = Debug|x86
		{BBD8E851-30E0-4E1C-8707-0540753908A4}.Debug|Win32.Build.0 = Debug|x86
		{BBD8E851-30E0-4E1C-8707-0540753908A4}.Debug|Win32.Deploy.0 = Debug|x86
		{BBD8E851-30E0-4E1C-8707-0540753908A4}.Debug|x64.ActiveCfg = Debug|Any CPU
		{BBD8E851-30E0-4E1C-8707-0540753908A4}.Debug|x86.ActiveCfg = Debug|x86
		{BBD8E851-30E0-4E1C-8707-0540753908A4}.Debug|x86.Build.0 = Debug|x86
		{BBD8E851-30E0-4E1C-8707-0540753908A4}.Debug|x86.Deploy.0 = Debug|x86
		{BBD8E851-30E0-4E1C-8707-0540753908A4}.Release|Any CPU.ActiveCfg = Release|Any CPU
		{BBD8E851-30E0-4E1C-8707-0540753908A4}.Release|Any CPU.Build.0 = Release|Any CPU
		{BBD8E851-30E0-4E1C-8707-0540753908A4}.Release|Any CPU.Deploy.0 = Release|Any CPU
		{BBD8E851-30E0-4E1C-8707-0540753908A4}.Release|ARM.ActiveCfg = Release|ARM
		{BBD8E851-30E0-4E1C-8707-0540753908A4}.Release|ARM.Build.0 = Release|ARM
		{BBD8E851-30E0-4E1C-8707-0540753908A4}.Release|ARM.Deploy.0 = Release|ARM
		{BBD8E851-30E0-4E1C-8707-0540753908A4}.Release|Mixed Platforms.ActiveCfg = Release|x86
		{BBD8E851-30E0-4E1C-8707-0540753908A4}.Release|Mixed Platforms.Build.0 = Release|x86
		{BBD8E851-30E0-4E1C-8707-0540753908A4}.Release|Mixed Platforms.Deploy.0 = Release|x86
		{BBD8E851-30E0-4E1C-8707-0540753908A4}.Release|Win32.ActiveCfg = Release|x86
		{BBD8E851-30E0-4E1C-8707-0540753908A4}.Release|Win32.Build.0 = Release|x86
		{BBD8E851-30E0-4E1C-8707-0540753908A4}.Release|Win32.Deploy.0 = Release|x86
		{BBD8E851-30E0-4E1C-8707-0540753908A4}.Release|x64.ActiveCfg = Release|Any CPU
		{BBD8E851-30E0-4E1C-8707-0540753908A4}.Release|x86.ActiveCfg = Release|x86
		{BBD8E851-30E0-4E1C-8707-0540753908A4}.Release|x86.Build.0 = Release|x86
		{BBD8E851-30E0-4E1C-8707-0540753908A4}.Release|x86.Deploy.0 = Release|x86
		{BBD8E851-30E0-4E1C-8707-0540753908A4}.x86(Debug)|Any CPU.ActiveCfg = Debug|Any CPU
		{BBD8E851-30E0-4E1C-8707-0540753908A4}.x86(Debug)|Any CPU.Build.0 = Debug|Any CPU
		{BBD8E851-30E0-4E1C-8707-0540753908A4}.x86(Debug)|Any CPU.Deploy.0 = Debug|Any CPU
		{BBD8E851-30E0-4E1C-8707-0540753908A4}.x86(Debug)|ARM.ActiveCfg = Debug|ARM
		{BBD8E851-30E0-4E1C-8707-0540753908A4}.x86(Debug)|ARM.Build.0 = Debug|ARM
		{BBD8E851-30E0-4E1C-8707-0540753908A4}.x86(Debug)|ARM.Deploy.0 = Debug|ARM
		{BBD8E851-30E0-4E1C-8707-0540753908A4}.x86(Debug)|Mixed Platforms.ActiveCfg = Debug|x86
		{BBD8E851-30E0-4E1C-8707-0540753908A4}.x86(Debug)|Mixed Platforms.Build.0 = Debug|x86
		{BBD8E851-30E0-4E1C-8707-0540753908A4}.x86(Debug)|Mixed Platforms.Deploy.0 = Debug|x86
		{BBD8E851-30E0-4E1C-8707-0540753908A4}.x86(Debug)|Win32.ActiveCfg = Debug|x86
		{BBD8E851-30E0-4E1C-8707-0540753908A4}.x86(Debug)|Win32.Build.0 = Debug|x86
		{BBD8E851-30E0-4E1C-8707-0540753908A4}.x86(Debug)|Win32.Deploy.0 = Debug|x86
		{BBD8E851-30E0-4E1C-8707-0540753908A4}.x86(Debug)|x64.ActiveCfg = x86(Debug)|Any CPU
		{BBD8E851-30E0-4E1C-8707-0540753908A4}.x86(Debug)|x86.ActiveCfg = Debug|x86
		{BBD8E851-30E0-4E1C-8707-0540753908A4}.x86(Debug)|x86.Build.0 = Debug|x86
		{BBD8E851-30E0-4E1C-8707-0540753908A4}.x86(Debug)|x86.Deploy.0 = Debug|x86
		{B3ECB35A-5617-455B-BBAD-491E8BC6A54D}.Debug x86|Any CPU.ActiveCfg = Debug|Win32
		{B3ECB35A-5617-455B-BBAD-491E8BC6A54D}.Debug x86|ARM.ActiveCfg = Debug|ARM
		{B3ECB35A-5617-455B-BBAD-491E8BC6A54D}.Debug x86|ARM.Build.0 = Debug|ARM
		{B3ECB35A-5617-455B-BBAD-491E8BC6A54D}.Debug x86|Mixed Platforms.ActiveCfg = Debug|Win32
		{B3ECB35A-5617-455B-BBAD-491E8BC6A54D}.Debug x86|Mixed Platforms.Build.0 = Debug|Win32
		{B3ECB35A-5617-455B-BBAD-491E8BC6A54D}.Debug x86|Win32.ActiveCfg = Debug|Win32
		{B3ECB35A-5617-455B-BBAD-491E8BC6A54D}.Debug x86|Win32.Build.0 = Debug|Win32
		{B3ECB35A-5617-455B-BBAD-491E8BC6A54D}.Debug x86|x64.ActiveCfg = Debug|Win32
		{B3ECB35A-5617-455B-BBAD-491E8BC6A54D}.Debug x86|x86.ActiveCfg = Debug|Win32
		{B3ECB35A-5617-455B-BBAD-491E8BC6A54D}.Debug x86|x86.Build.0 = Debug|Win32
		{B3ECB35A-5617-455B-BBAD-491E8BC6A54D}.Debug|Any CPU.ActiveCfg = Debug|Win32
		{B3ECB35A-5617-455B-BBAD-491E8BC6A54D}.Debug|ARM.ActiveCfg = Debug|ARM
		{B3ECB35A-5617-455B-BBAD-491E8BC6A54D}.Debug|ARM.Build.0 = Debug|ARM
		{B3ECB35A-5617-455B-BBAD-491E8BC6A54D}.Debug|Mixed Platforms.ActiveCfg = Debug|Win32
		{B3ECB35A-5617-455B-BBAD-491E8BC6A54D}.Debug|Mixed Platforms.Build.0 = Debug|Win32
		{B3ECB35A-5617-455B-BBAD-491E8BC6A54D}.Debug|Win32.ActiveCfg = Debug|Win32
		{B3ECB35A-5617-455B-BBAD-491E8BC6A54D}.Debug|Win32.Build.0 = Debug|Win32
		{B3ECB35A-5617-455B-BBAD-491E8BC6A54D}.Debug|x64.ActiveCfg = Debug|Win32
		{B3ECB35A-5617-455B-BBAD-491E8BC6A54D}.Debug|x86.ActiveCfg = Debug|Win32
		{B3ECB35A-5617-455B-BBAD-491E8BC6A54D}.Debug|x86.Build.0 = Debug|Win32
		{B3ECB35A-5617-455B-BBAD-491E8BC6A54D}.Release|Any CPU.ActiveCfg = Release|Win32
		{B3ECB35A-5617-455B-BBAD-491E8BC6A54D}.Release|ARM.ActiveCfg = Release|ARM
		{B3ECB35A-5617-455B-BBAD-491E8BC6A54D}.Release|ARM.Build.0 = Release|ARM
		{B3ECB35A-5617-455B-BBAD-491E8BC6A54D}.Release|Mixed Platforms.ActiveCfg = Release|Win32
		{B3ECB35A-5617-455B-BBAD-491E8BC6A54D}.Release|Mixed Platforms.Build.0 = Release|Win32
		{B3ECB35A-5617-455B-BBAD-491E8BC6A54D}.Release|Win32.ActiveCfg = Release|Win32
		{B3ECB35A-5617-455B-BBAD-491E8BC6A54D}.Release|Win32.Build.0 = Release|Win32
		{B3ECB35A-5617-455B-BBAD-491E8BC6A54D}.Release|x64.ActiveCfg = Release|Win32
		{B3ECB35A-5617-455B-BBAD-491E8BC6A54D}.Release|x86.ActiveCfg = Release|Win32
		{B3ECB35A-5617-455B-BBAD-491E8BC6A54D}.Release|x86.Build.0 = Release|Win32
		{B3ECB35A-5617-455B-BBAD-491E8BC6A54D}.x86(Debug)|Any CPU.ActiveCfg = Debug|Win32
		{B3ECB35A-5617-455B-BBAD-491E8BC6A54D}.x86(Debug)|ARM.ActiveCfg = Debug|ARM
		{B3ECB35A-5617-455B-BBAD-491E8BC6A54D}.x86(Debug)|ARM.Build.0 = Debug|ARM
		{B3ECB35A-5617-455B-BBAD-491E8BC6A54D}.x86(Debug)|Mixed Platforms.ActiveCfg = Debug|Win32
		{B3ECB35A-5617-455B-BBAD-491E8BC6A54D}.x86(Debug)|Mixed Platforms.Build.0 = Debug|Win32
		{B3ECB35A-5617-455B-BBAD-491E8BC6A54D}.x86(Debug)|Win32.ActiveCfg = Debug|Win32
		{B3ECB35A-5617-455B-BBAD-491E8BC6A54D}.x86(Debug)|Win32.Build.0 = Debug|Win32
		{B3ECB35A-5617-455B-BBAD-491E8BC6A54D}.x86(Debug)|x64.ActiveCfg = Debug|Win32
		{B3ECB35A-5617-455B-BBAD-491E8BC6A54D}.x86(Debug)|x86.ActiveCfg = Debug|Win32
		{B3ECB35A-5617-455B-BBAD-491E8BC6A54D}.x86(Debug)|x86.Build.0 = Debug|Win32
		{767E57ED-6D37-32A1-B51E-C39E7C1CD02A}.Debug x86|Any CPU.ActiveCfg = Debug|Win32
		{767E57ED-6D37-32A1-B51E-C39E7C1CD02A}.Debug x86|ARM.ActiveCfg = Debug|ARM
		{767E57ED-6D37-32A1-B51E-C39E7C1CD02A}.Debug x86|ARM.Build.0 = Debug|ARM
		{767E57ED-6D37-32A1-B51E-C39E7C1CD02A}.Debug x86|Mixed Platforms.ActiveCfg = Debug|Win32
		{767E57ED-6D37-32A1-B51E-C39E7C1CD02A}.Debug x86|Mixed Platforms.Build.0 = Debug|Win32
		{767E57ED-6D37-32A1-B51E-C39E7C1CD02A}.Debug x86|Win32.ActiveCfg = Debug|Win32
		{767E57ED-6D37-32A1-B51E-C39E7C1CD02A}.Debug x86|Win32.Build.0 = Debug|Win32
		{767E57ED-6D37-32A1-B51E-C39E7C1CD02A}.Debug x86|x64.ActiveCfg = Debug|Win32
		{767E57ED-6D37-32A1-B51E-C39E7C1CD02A}.Debug x86|x86.ActiveCfg = Debug|Win32
		{767E57ED-6D37-32A1-B51E-C39E7C1CD02A}.Debug x86|x86.Build.0 = Debug|Win32
		{767E57ED-6D37-32A1-B51E-C39E7C1CD02A}.Debug|Any CPU.ActiveCfg = Debug|Win32
		{767E57ED-6D37-32A1-B51E-C39E7C1CD02A}.Debug|ARM.ActiveCfg = Debug|ARM
		{767E57ED-6D37-32A1-B51E-C39E7C1CD02A}.Debug|ARM.Build.0 = Debug|ARM
		{767E57ED-6D37-32A1-B51E-C39E7C1CD02A}.Debug|Mixed Platforms.ActiveCfg = Debug|Win32
		{767E57ED-6D37-32A1-B51E-C39E7C1CD02A}.Debug|Mixed Platforms.Build.0 = Debug|Win32
		{767E57ED-6D37-32A1-B51E-C39E7C1CD02A}.Debug|Win32.ActiveCfg = Debug|Win32
		{767E57ED-6D37-32A1-B51E-C39E7C1CD02A}.Debug|Win32.Build.0 = Debug|Win32
		{767E57ED-6D37-32A1-B51E-C39E7C1CD02A}.Debug|x64.ActiveCfg = Debug|Win32
		{767E57ED-6D37-32A1-B51E-C39E7C1CD02A}.Debug|x86.ActiveCfg = Debug|Win32
		{767E57ED-6D37-32A1-B51E-C39E7C1CD02A}.Debug|x86.Build.0 = Debug|Win32
		{767E57ED-6D37-32A1-B51E-C39E7C1CD02A}.Release|Any CPU.ActiveCfg = Release|Win32
		{767E57ED-6D37-32A1-B51E-C39E7C1CD02A}.Release|ARM.ActiveCfg = Release|ARM
		{767E57ED-6D37-32A1-B51E-C39E7C1CD02A}.Release|ARM.Build.0 = Release|ARM
		{767E57ED-6D37-32A1-B51E-C39E7C1CD02A}.Release|Mixed Platforms.ActiveCfg = Release|Win32
		{767E57ED-6D37-32A1-B51E-C39E7C1CD02A}.Release|Mixed Platforms.Build.0 = Release|Win32
		{767E57ED-6D37-32A1-B51E-C39E7C1CD02A}.Release|Win32.ActiveCfg = Release|Win32
		{767E57ED-6D37-32A1-B51E-C39E7C1CD02A}.Release|Win32.Build.0 = Release|Win32
		{767E57ED-6D37-32A1-B51E-C39E7C1CD02A}.Release|x64.ActiveCfg = Release|Win32
		{767E57ED-6D37-32A1-B51E-C39E7C1CD02A}.Release|x86.ActiveCfg = Release|Win32
		{767E57ED-6D37-32A1-B51E-C39E7C1CD02A}.Release|x86.Build.0 = Release|Win32
		{767E57ED-6D37-32A1-B51E-C39E7C1CD02A}.x86(Debug)|Any CPU.ActiveCfg = x86(Debug)|Win32
		{767E57ED-6D37-32A1-B51E-C39E7C1CD02A}.x86(Debug)|ARM.ActiveCfg = x86(Debug)|ARM
		{767E57ED-6D37-32A1-B51E-C39E7C1CD02A}.x86(Debug)|ARM.Build.0 = x86(Debug)|ARM
		{767E57ED-6D37-32A1-B51E-C39E7C1CD02A}.x86(Debug)|Mixed Platforms.ActiveCfg = x86(Debug)|Win32
		{767E57ED-6D37-32A1-B51E-C39E7C1CD02A}.x86(Debug)|Mixed Platforms.Build.0 = x86(Debug)|Win32
		{767E57ED-6D37-32A1-B51E-C39E7C1CD02A}.x86(Debug)|Win32.ActiveCfg = x86(Debug)|Win32
		{767E57ED-6D37-32A1-B51E-C39E7C1CD02A}.x86(Debug)|Win32.Build.0 = x86(Debug)|Win32
		{767E57ED-6D37-32A1-B51E-C39E7C1CD02A}.x86(Debug)|x64.ActiveCfg = x86(Debug)|Win32
		{767E57ED-6D37-32A1-B51E-C39E7C1CD02A}.x86(Debug)|x86.ActiveCfg = x86(Debug)|Win32
		{767E57ED-6D37-32A1-B51E-C39E7C1CD02A}.x86(Debug)|x86.Build.0 = x86(Debug)|Win32
		{E704C84B-B739-4033-91D6-A1EE091C273E}.Debug x86|Any CPU.ActiveCfg = Debug|Any CPU
		{E704C84B-B739-4033-91D6-A1EE091C273E}.Debug x86|Any CPU.Build.0 = Debug|Any CPU
		{E704C84B-B739-4033-91D6-A1EE091C273E}.Debug x86|ARM.ActiveCfg = Debug|ARM
		{E704C84B-B739-4033-91D6-A1EE091C273E}.Debug x86|ARM.Build.0 = Debug|ARM
		{E704C84B-B739-4033-91D6-A1EE091C273E}.Debug x86|Mixed Platforms.ActiveCfg = Debug|x86
		{E704C84B-B739-4033-91D6-A1EE091C273E}.Debug x86|Mixed Platforms.Build.0 = Debug|x86
		{E704C84B-B739-4033-91D6-A1EE091C273E}.Debug x86|Win32.ActiveCfg = Debug|x86
		{E704C84B-B739-4033-91D6-A1EE091C273E}.Debug x86|Win32.Build.0 = Debug|x86
		{E704C84B-B739-4033-91D6-A1EE091C273E}.Debug x86|x64.ActiveCfg = Debug|Any CPU
		{E704C84B-B739-4033-91D6-A1EE091C273E}.Debug x86|x86.ActiveCfg = Debug|x86
		{E704C84B-B739-4033-91D6-A1EE091C273E}.Debug x86|x86.Build.0 = Debug|x86
		{E704C84B-B739-4033-91D6-A1EE091C273E}.Debug|Any CPU.ActiveCfg = Debug|Any CPU
		{E704C84B-B739-4033-91D6-A1EE091C273E}.Debug|Any CPU.Build.0 = Debug|Any CPU
		{E704C84B-B739-4033-91D6-A1EE091C273E}.Debug|ARM.ActiveCfg = Debug|ARM
		{E704C84B-B739-4033-91D6-A1EE091C273E}.Debug|ARM.Build.0 = Debug|ARM
		{E704C84B-B739-4033-91D6-A1EE091C273E}.Debug|Mixed Platforms.ActiveCfg = Debug|x86
		{E704C84B-B739-4033-91D6-A1EE091C273E}.Debug|Mixed Platforms.Build.0 = Debug|x86
		{E704C84B-B739-4033-91D6-A1EE091C273E}.Debug|Win32.ActiveCfg = Debug|x86
		{E704C84B-B739-4033-91D6-A1EE091C273E}.Debug|Win32.Build.0 = Debug|x86
		{E704C84B-B739-4033-91D6-A1EE091C273E}.Debug|x64.ActiveCfg = Debug|Any CPU
		{E704C84B-B739-4033-91D6-A1EE091C273E}.Debug|x86.ActiveCfg = Debug|x86
		{E704C84B-B739-4033-91D6-A1EE091C273E}.Debug|x86.Build.0 = Debug|x86
		{E704C84B-B739-4033-91D6-A1EE091C273E}.Release|Any CPU.ActiveCfg = Release|Any CPU
		{E704C84B-B739-4033-91D6-A1EE091C273E}.Release|Any CPU.Build.0 = Release|Any CPU
		{E704C84B-B739-4033-91D6-A1EE091C273E}.Release|ARM.ActiveCfg = Release|ARM
		{E704C84B-B739-4033-91D6-A1EE091C273E}.Release|ARM.Build.0 = Release|ARM
		{E704C84B-B739-4033-91D6-A1EE091C273E}.Release|Mixed Platforms.ActiveCfg = Release|x86
		{E704C84B-B739-4033-91D6-A1EE091C273E}.Release|Mixed Platforms.Build.0 = Release|x86
		{E704C84B-B739-4033-91D6-A1EE091C273E}.Release|Win32.ActiveCfg = Release|x86
		{E704C84B-B739-4033-91D6-A1EE091C273E}.Release|Win32.Build.0 = Release|x86
		{E704C84B-B739-4033-91D6-A1EE091C273E}.Release|x64.ActiveCfg = Release|Any CPU
		{E704C84B-B739-4033-91D6-A1EE091C273E}.Release|x86.ActiveCfg = Release|x86
		{E704C84B-B739-4033-91D6-A1EE091C273E}.Release|x86.Build.0 = Release|x86
		{E704C84B-B739-4033-91D6-A1EE091C273E}.x86(Debug)|Any CPU.ActiveCfg = Debug|Any CPU
		{E704C84B-B739-4033-91D6-A1EE091C273E}.x86(Debug)|Any CPU.Build.0 = Debug|Any CPU
		{E704C84B-B739-4033-91D6-A1EE091C273E}.x86(Debug)|ARM.ActiveCfg = Debug|ARM
		{E704C84B-B739-4033-91D6-A1EE091C273E}.x86(Debug)|ARM.Build.0 = Debug|ARM
		{E704C84B-B739-4033-91D6-A1EE091C273E}.x86(Debug)|Mixed Platforms.ActiveCfg = Debug|x86
		{E704C84B-B739-4033-91D6-A1EE091C273E}.x86(Debug)|Mixed Platforms.Build.0 = Debug|x86
		{E704C84B-B739-4033-91D6-A1EE091C273E}.x86(Debug)|Win32.ActiveCfg = Debug|x86
		{E704C84B-B739-4033-91D6-A1EE091C273E}.x86(Debug)|Win32.Build.0 = Debug|x86
		{E704C84B-B739-4033-91D6-A1EE091C273E}.x86(Debug)|x64.ActiveCfg = Debug|Any CPU
		{E704C84B-B739-4033-91D6-A1EE091C273E}.x86(Debug)|x86.ActiveCfg = Debug|x86
		{E704C84B-B739-4033-91D6-A1EE091C273E}.x86(Debug)|x86.Build.0 = Debug|x86
	EndGlobalSection
	GlobalSection(SolutionProperties) = preSolution
		HideSolutionNode = FALSE
	EndGlobalSection
	GlobalSection(TeamFoundationVersionControl) = preSolution
		SccNumberOfProjects = 5
		SccEnterpriseProvider = {4CA58AB2-18FA-4F8D-95D4-32DDF27D184C}
		SccTeamFoundationServer = https://gaploid.visualstudio.com/defaultcollection
		SccLocalPath0 = .
		SccProjectUniqueName1 = LibRaw-0.16.0\\buildfiles\\libraw.vcxproj
		SccProjectName1 = LibRaw-0.16.0/buildfiles
		SccLocalPath1 = LibRaw-0.16.0\\buildfiles
		SccProjectUniqueName2 = LibrawRuntimeComponent\\LibrawRuntimeComponent.vcxproj
		SccProjectName2 = LibrawRuntimeComponent
		SccLocalPath2 = LibrawRuntimeComponent
		SccProjectUniqueName3 = ImageEditor\\ImageEditor.csproj
		SccProjectName3 = ImageEditor
		SccLocalPath3 = ImageEditor
		SccProjectUniqueName4 = Rawer\\Rawer.csproj
		SccProjectName4 = Rawer
		SccLocalPath4 = Rawer
	EndGlobalSection
EndGlobal
